
Microsoft Visual Studio Solution File, Format Version 12.00
Project("{FAE04EC0-301F-11D3-BF4B-00C04F79EFBC}") = "Mmvm.Core", "Mmvm.Core\Mmvm.Core.csproj", "{580D51B8-CD20-44A7-A280-E44B807E0CCC}"
EndProject
Project("{FAE04EC0-301F-11D3-BF4B-00C04F79EFBC}") = "Mmvm.Container", "Mmvm.Container\Mmvm.Container.csproj", "{5D79A751-7A5E-49A1-B08D-4C53E4C33B40}"
EndProject
Project("{FAE04EC0-301F-11D3-BF4B-00C04F79EFBC}") = "Mmvm.Mvvm.Core", "Mmvm.Mvvm.Core\Mmvm.Mvvm.Core.csproj", "{36792182-2BD2-4A63-92AF-F6086C236463}"
EndProject
Project("{FAE04EC0-301F-11D3-BF4B-00C04F79EFBC}") = "Mmvm.Navigation", "Mmvm.Navigation\Mmvm.Navigation.csproj", "{A681F501-6486-422C-9650-47DA48BFCA17}"
EndProject
Project("{FAE04EC0-301F-11D3-BF4B-00C04F79EFBC}") = "Mmvm.Mvvm.View", "Mmvm.Mvvm.View\Mmvm.Mvvm.View.csproj", "{A09C8875-31CF-48F6-A912-F48A17B26E6F}"
EndProject
Project("{2150E333-8FDC-42A3-9474-1A3956D46DE8}") = "Core", "Core", "{E2911AE2-B0FF-48A3-BCE0-671733ACFDA2}"
EndProject
Project("{2150E333-8FDC-42A3-9474-1A3956D46DE8}") = "Mvvm", "Mvvm", "{BCF9475D-95EA-40C0-BDF4-C5D6B977EAE4}"
EndProject
Project("{2150E333-8FDC-42A3-9474-1A3956D46DE8}") = "Navigation", "Navigation", "{3C0FCC2B-9CC7-454A-A2B9-14D1514B9579}"
EndProject
Project("{2150E333-8FDC-42A3-9474-1A3956D46DE8}") = "Container", "Container", "{E252325B-3CC6-4408-9F65-505734091FFE}"
EndProject
Project("{2150E333-8FDC-42A3-9474-1A3956D46DE8}") = "Core", "Core", "{3D37D523-C417-4A5D-AAD2-E81782618FCE}"
EndProject
Project("{2150E333-8FDC-42A3-9474-1A3956D46DE8}") = "View", "View", "{47366F48-914F-46A9-80FB-F7EF38CCDB3A}"
EndProject
Project("{FAE04EC0-301F-11D3-BF4B-00C04F79EFBC}") = "Mmvm.Container.Impl", "Mmvm.Container.Impl\Mmvm.Container.Impl.csproj", "{A87334A8-BB3F-44E5-BEDF-6AD38327402C}"
EndProject
Project("{FAE04EC0-301F-11D3-BF4B-00C04F79EFBC}") = "Mmvm.Core.Impl", "Mmvm.Core.Impl\Mmvm.Core.Impl.csproj", "{1DFE3A0B-E40D-400A-A250-469F207BFD7A}"
EndProject
Project("{FAE04EC0-301F-11D3-BF4B-00C04F79EFBC}") = "Mmvm.Navigation.Impl", "Mmvm.Navigation.Impl\Mmvm.Navigation.Impl.csproj", "{48D4E794-99C8-4CA5-9C34-0BD6FC86A189}"
EndProject
Project("{FAE04EC0-301F-11D3-BF4B-00C04F79EFBC}") = "Mmvm.Mvvm.Core.Impl", "Mmvm.Mvvm.Core.Impl\Mmvm.Mvvm.Core.Impl.csproj", "{5719DBC8-08DF-410F-85CC-2759FB964B05}"
EndProject
Project("{FAE04EC0-301F-11D3-BF4B-00C04F79EFBC}") = "Mmvm.Mvvm.View.Impl", "Mmvm.Mvvm.View.Impl\Mmvm.Mvvm.View.Impl.csproj", "{3D91844D-7E02-44CD-ABD5-6F636CADEF19}"
EndProject
Project("{2150E333-8FDC-42A3-9474-1A3956D46DE8}") = "Dal", "Dal", "{F5495208-596C-4FB2-9E29-FA4A097FBAB9}"
EndProject
Project("{FAE04EC0-301F-11D3-BF4B-00C04F79EFBC}") = "Mmvm.Dal", "Mmvm.Dal\Mmvm.Dal.csproj", "{A9936F91-C2E7-4617-8FEC-95FD1A748878}"
EndProject
Project("{FAE04EC0-301F-11D3-BF4B-00C04F79EFBC}") = "Mmvm.Dal.Impl", "Mmvm.Dal.Impl\Mmvm.Dal.Impl.csproj", "{098B3550-823F-4A32-9C75-48FCBDDA51B7}"
EndProject
Global
	GlobalSection(SolutionConfigurationPlatforms) = preSolution
		Debug|Any CPU = Debug|Any CPU
		Release|Any CPU = Release|Any CPU
	EndGlobalSection
	GlobalSection(ProjectConfigurationPlatforms) = postSolution
		{580D51B8-CD20-44A7-A280-E44B807E0CCC}.Debug|Any CPU.ActiveCfg = Debug|Any CPU
		{580D51B8-CD20-44A7-A280-E44B807E0CCC}.Debug|Any CPU.Build.0 = Debug|Any CPU
		{580D51B8-CD20-44A7-A280-E44B807E0CCC}.Release|Any CPU.ActiveCfg = Release|Any CPU
		{580D51B8-CD20-44A7-A280-E44B807E0CCC}.Release|Any CPU.Build.0 = Release|Any CPU
		{5D79A751-7A5E-49A1-B08D-4C53E4C33B40}.Debug|Any CPU.ActiveCfg = Debug|Any CPU
		{5D79A751-7A5E-49A1-B08D-4C53E4C33B40}.Debug|Any CPU.Build.0 = Debug|Any CPU
		{5D79A751-7A5E-49A1-B08D-4C53E4C33B40}.Release|Any CPU.ActiveCfg = Release|Any CPU
		{5D79A751-7A5E-49A1-B08D-4C53E4C33B40}.Release|Any CPU.Build.0 = Release|Any CPU
		{36792182-2BD2-4A63-92AF-F6086C236463}.Debug|Any CPU.ActiveCfg = Debug|Any CPU
		{36792182-2BD2-4A63-92AF-F6086C236463}.Debug|Any CPU.Build.0 = Debug|Any CPU
		{36792182-2BD2-4A63-92AF-F6086C236463}.Release|Any CPU.ActiveCfg = Release|Any CPU
		{36792182-2BD2-4A63-92AF-F6086C236463}.Release|Any CPU.Build.0 = Release|Any CPU
		{A681F501-6486-422C-9650-47DA48BFCA17}.Debug|Any CPU.ActiveCfg = Debug|Any CPU
		{A681F501-6486-422C-9650-47DA48BFCA17}.Debug|Any CPU.Build.0 = Debug|Any CPU
		{A681F501-6486-422C-9650-47DA48BFCA17}.Release|Any CPU.ActiveCfg = Release|Any CPU
		{A681F501-6486-422C-9650-47DA48BFCA17}.Release|Any CPU.Build.0 = Release|Any CPU
		{A09C8875-31CF-48F6-A912-F48A17B26E6F}.Debug|Any CPU.ActiveCfg = Debug|Any CPU
		{A09C8875-31CF-48F6-A912-F48A17B26E6F}.Debug|Any CPU.Build.0 = Debug|Any CPU
		{A09C8875-31CF-48F6-A912-F48A17B26E6F}.Release|Any CPU.ActiveCfg = Release|Any CPU
		{A09C8875-31CF-48F6-A912-F48A17B26E6F}.Release|Any CPU.Build.0 = Release|Any CPU
		{A87334A8-BB3F-44E5-BEDF-6AD38327402C}.Debug|Any CPU.ActiveCfg = Debug|Any CPU
		{A87334A8-BB3F-44E5-BEDF-6AD38327402C}.Debug|Any CPU.Build.0 = Debug|Any CPU
		{A87334A8-BB3F-44E5-BEDF-6AD38327402C}.Release|Any CPU.ActiveCfg = Release|Any CPU
		{A87334A8-BB3F-44E5-BEDF-6AD38327402C}.Release|Any CPU.Build.0 = Release|Any CPU
		{1DFE3A0B-E40D-400A-A250-469F207BFD7A}.Debug|Any CPU.ActiveCfg = Debug|Any CPU
		{1DFE3A0B-E40D-400A-A250-469F207BFD7A}.Debug|Any CPU.Build.0 = Debug|Any CPU
		{1DFE3A0B-E40D-400A-A250-469F207BFD7A}.Release|Any CPU.ActiveCfg = Release|Any CPU
		{1DFE3A0B-E40D-400A-A250-469F207BFD7A}.Release|Any CPU.Build.0 = Release|Any CPU
		{48D4E794-99C8-4CA5-9C34-0BD6FC86A189}.Debug|Any CPU.ActiveCfg = Debug|Any CPU
		{48D4E794-99C8-4CA5-9C34-0BD6FC86A189}.Debug|Any CPU.Build.0 = Debug|Any CPU
		{48D4E794-99C8-4CA5-9C34-0BD6FC86A189}.Release|Any CPU.ActiveCfg = Release|Any CPU
		{48D4E794-99C8-4CA5-9C34-0BD6FC86A189}.Release|Any CPU.Build.0 = Release|Any CPU
		{5719DBC8-08DF-410F-85CC-2759FB964B05}.Debug|Any CPU.ActiveCfg = Debug|Any CPU
		{5719DBC8-08DF-410F-85CC-2759FB964B05}.Debug|Any CPU.Build.0 = Debug|Any CPU
		{5719DBC8-08DF-410F-85CC-2759FB964B05}.Release|Any CPU.ActiveCfg = Release|Any CPU
		{5719DBC8-08DF-410F-85CC-2759FB964B05}.Release|Any CPU.Build.0 = Release|Any CPU
		{3D91844D-7E02-44CD-ABD5-6F636CADEF19}.Debug|Any CPU.ActiveCfg = Debug|Any CPU
		{3D91844D-7E02-44CD-ABD5-6F636CADEF19}.Debug|Any CPU.Build.0 = Debug|Any CPU
		{3D91844D-7E02-44CD-ABD5-6F636CADEF19}.Release|Any CPU.ActiveCfg = Release|Any CPU
		{3D91844D-7E02-44CD-ABD5-6F636CADEF19}.Release|Any CPU.Build.0 = Release|Any CPU
		{A9936F91-C2E7-4617-8FEC-95FD1A748878}.Debug|Any CPU.ActiveCfg = Debug|Any CPU
		{A9936F91-C2E7-4617-8FEC-95FD1A748878}.Debug|Any CPU.Build.0 = Debug|Any CPU
		{A9936F91-C2E7-4617-8FEC-95FD1A748878}.Release|Any CPU.ActiveCfg = Release|Any CPU
		{A9936F91-C2E7-4617-8FEC-95FD1A748878}.Release|Any CPU.Build.0 = Release|Any CPU
		{098B3550-823F-4A32-9C75-48FCBDDA51B7}.Debug|Any CPU.ActiveCfg = Debug|Any CPU
		{098B3550-823F-4A32-9C75-48FCBDDA51B7}.Debug|Any CPU.Build.0 = Debug|Any CPU
		{098B3550-823F-4A32-9C75-48FCBDDA51B7}.Release|Any CPU.ActiveCfg = Release|Any CPU
		{098B3550-823F-4A32-9C75-48FCBDDA51B7}.Release|Any CPU.Build.0 = Release|Any CPU
	EndGlobalSection
	GlobalSection(NestedProjects) = preSolution
		{5D79A751-7A5E-49A1-B08D-4C53E4C33B40} = {E252325B-3CC6-4408-9F65-505734091FFE}
		{580D51B8-CD20-44A7-A280-E44B807E0CCC} = {E2911AE2-B0FF-48A3-BCE0-671733ACFDA2}
		{A681F501-6486-422C-9650-47DA48BFCA17} = {3C0FCC2B-9CC7-454A-A2B9-14D1514B9579}
		{3D37D523-C417-4A5D-AAD2-E81782618FCE} = {BCF9475D-95EA-40C0-BDF4-C5D6B977EAE4}
		{47366F48-914F-46A9-80FB-F7EF38CCDB3A} = {BCF9475D-95EA-40C0-BDF4-C5D6B977EAE4}
		{36792182-2BD2-4A63-92AF-F6086C236463} = {3D37D523-C417-4A5D-AAD2-E81782618FCE}
		{A09C8875-31CF-48F6-A912-F48A17B26E6F} = {47366F48-914F-46A9-80FB-F7EF38CCDB3A}
		{A87334A8-BB3F-44E5-BEDF-6AD38327402C} = {E252325B-3CC6-4408-9F65-505734091FFE}
		{1DFE3A0B-E40D-400A-A250-469F207BFD7A} = {E2911AE2-B0FF-48A3-BCE0-671733ACFDA2}
		{48D4E794-99C8-4CA5-9C34-0BD6FC86A189} = {3C0FCC2B-9CC7-454A-A2B9-14D1514B9579}
		{5719DBC8-08DF-410F-85CC-2759FB964B05} = {3D37D523-C417-4A5D-AAD2-E81782618FCE}
		{3D91844D-7E02-44CD-ABD5-6F636CADEF19} = {47366F48-914F-46A9-80FB-F7EF38CCDB3A}
		{A9936F91-C2E7-4617-8FEC-95FD1A748878} = {F5495208-596C-4FB2-9E29-FA4A097FBAB9}
		{098B3550-823F-4A32-9C75-48FCBDDA51B7} = {F5495208-596C-4FB2-9E29-FA4A097FBAB9}
	EndGlobalSection
EndGlobal
